// !$*UTF8*$!
{
	archiveVersion = 1;
	classes = {
	};
	objectVersion = 50;
	objects = {

/* Begin PBXBuildFile section */
		03233D5F17054544009727CB /* ServiceController.h in Headers */ = {isa = PBXBuildFile; fileRef = 03233D5D17054544009727CB /* ServiceController.h */; };
		03233D6017054544009727CB /* ServiceController.m in Sources */ = {isa = PBXBuildFile; fileRef = 03233D5E17054544009727CB /* ServiceController.m */; };
		0351F8731705543600CE9495 /* ServiceManager.h in Headers */ = {isa = PBXBuildFile; fileRef = 0351F8711705543600CE9495 /* ServiceManager.h */; };
		0351F8741705543600CE9495 /* ServiceManager.m in Sources */ = {isa = PBXBuildFile; fileRef = 0351F8721705543600CE9495 /* ServiceManager.m */; };
		039EEF8A189A1E1E00B5F169 /* ServiceManagement.framework in Frameworks */ = {isa = PBXBuildFile; fileRef = 039EEF89189A1E1E00B5F169 /* ServiceManagement.framework */; };
		039F63D918920EF2004C6696 /* OpenSans-Light.ttf in Resources */ = {isa = PBXBuildFile; fileRef = 039F63D818920EF2004C6696 /* OpenSans-Light.ttf */; };
		039F63DB18921F19004C6696 /* rocket.png in Resources */ = {isa = PBXBuildFile; fileRef = 039F63DA18921F19004C6696 /* rocket.png */; };
		039F63E51892220F004C6696 /* red.png in Resources */ = {isa = PBXBuildFile; fileRef = 039F63E21892220F004C6696 /* red.png */; };
		039F63E61892220F004C6696 /* green.png in Resources */ = {isa = PBXBuildFile; fileRef = 039F63E31892220F004C6696 /* green.png */; };
		039F63E71892220F004C6696 /* yellow.png in Resources */ = {isa = PBXBuildFile; fileRef = 039F63E41892220F004C6696 /* yellow.png */; };
		039F63EA18922D1F004C6696 /* OpenSansFont.h in Headers */ = {isa = PBXBuildFile; fileRef = 039F63E818922D1F004C6696 /* OpenSansFont.h */; };
		039F63EB18922D1F004C6696 /* OpenSansFont.m in Sources */ = {isa = PBXBuildFile; fileRef = 039F63E918922D1F004C6696 /* OpenSansFont.m */; };
		039F63EE18923821004C6696 /* HorizontalDivider.h in Headers */ = {isa = PBXBuildFile; fileRef = 039F63EC18923821004C6696 /* HorizontalDivider.h */; };
		039F63EF18923821004C6696 /* HorizontalDivider.m in Sources */ = {isa = PBXBuildFile; fileRef = 039F63ED18923821004C6696 /* HorizontalDivider.m */; };
		039F63F118923AA8004C6696 /* gray.png in Resources */ = {isa = PBXBuildFile; fileRef = 039F63F018923AA8004C6696 /* gray.png */; };
		03A8692B189327D900ED639C /* Process.h in Headers */ = {isa = PBXBuildFile; fileRef = 03A86929189327D900ED639C /* Process.h */; };
		03A8692C189327D900ED639C /* Process.m in Sources */ = {isa = PBXBuildFile; fileRef = 03A8692A189327D900ED639C /* Process.m */; };
		03C5C20618AAC02B00FB25EF /* special-plists.plist in Resources */ = {isa = PBXBuildFile; fileRef = 03C5C20518AAC02B00FB25EF /* special-plists.plist */; };
		03D25AA318A35FEF007B253F /* sudo.app in Resources */ = {isa = PBXBuildFile; fileRef = 03D25AA218A35FEF007B253F /* sudo.app */; };
		03EE9DA216FFD39900E09197 /* Cocoa.framework in Frameworks */ = {isa = PBXBuildFile; fileRef = 03EE9DA116FFD39900E09197 /* Cocoa.framework */; };
		03EE9DA416FFD39900E09197 /* PreferencePanes.framework in Frameworks */ = {isa = PBXBuildFile; fileRef = 03EE9DA316FFD39900E09197 /* PreferencePanes.framework */; };
		03EE9DAE16FFD39900E09197 /* InfoPlist.strings in Resources */ = {isa = PBXBuildFile; fileRef = 03EE9DAC16FFD39900E09197 /* InfoPlist.strings */; };
		03EE9DB216FFD39900E09197 /* LaunchRocket.m in Sources */ = {isa = PBXBuildFile; fileRef = 03EE9DB116FFD39900E09197 /* LaunchRocket.m */; };
		03EE9DB716FFD39900E09197 /* LaunchRocket.xib in Resources */ = {isa = PBXBuildFile; fileRef = 03EE9DB516FFD39900E09197 /* LaunchRocket.xib */; };
		03EE9DBE16FFD40200E09197 /* LaunchRocket.tiff in Resources */ = {isa = PBXBuildFile; fileRef = 03EE9DBD16FFD40200E09197 /* LaunchRocket.tiff */; };
		03F2EBBA1702997E000077DE /* Service.h in Headers */ = {isa = PBXBuildFile; fileRef = 03F2EBB81702997D000077DE /* Service.h */; };
		03F2EBBB1702997E000077DE /* Service.m in Sources */ = {isa = PBXBuildFile; fileRef = 03F2EBB91702997E000077DE /* Service.m */; };
		03F2EBC61702A55C000077DE /* FlippedView.h in Headers */ = {isa = PBXBuildFile; fileRef = 03F2EBC41702A55C000077DE /* FlippedView.h */; };
		03F2EBC71702A55C000077DE /* FlippedView.m in Sources */ = {isa = PBXBuildFile; fileRef = 03F2EBC51702A55C000077DE /* FlippedView.m */; };
/* End PBXBuildFile section */

/* Begin PBXFileReference section */
		03233D5D17054544009727CB /* ServiceController.h */ = {isa = PBXFileReference; fileEncoding = 4; lastKnownFileType = sourcecode.c.h; path = ServiceController.h; sourceTree = "<group>"; };
		03233D5E17054544009727CB /* ServiceController.m */ = {isa = PBXFileReference; fileEncoding = 4; lastKnownFileType = sourcecode.c.objc; path = ServiceController.m; sourceTree = "<group>"; };
		0351F8711705543600CE9495 /* ServiceManager.h */ = {isa = PBXFileReference; fileEncoding = 4; lastKnownFileType = sourcecode.c.h; path = ServiceManager.h; sourceTree = "<group>"; };
		0351F8721705543600CE9495 /* ServiceManager.m */ = {isa = PBXFileReference; fileEncoding = 4; lastKnownFileType = sourcecode.c.objc; path = ServiceManager.m; sourceTree = "<group>"; };
		039EEF89189A1E1E00B5F169 /* ServiceManagement.framework */ = {isa = PBXFileReference; lastKnownFileType = wrapper.framework; name = ServiceManagement.framework; path = System/Library/Frameworks/ServiceManagement.framework; sourceTree = SDKROOT; };
		039F63D818920EF2004C6696 /* OpenSans-Light.ttf */ = {isa = PBXFileReference; lastKnownFileType = file; path = "OpenSans-Light.ttf"; sourceTree = "<group>"; };
		039F63DA18921F19004C6696 /* rocket.png */ = {isa = PBXFileReference; lastKnownFileType = image.png; path = rocket.png; sourceTree = "<group>"; };
		039F63E21892220F004C6696 /* red.png */ = {isa = PBXFileReference; lastKnownFileType = image.png; path = red.png; sourceTree = "<group>"; };
		039F63E31892220F004C6696 /* green.png */ = {isa = PBXFileReference; lastKnownFileType = image.png; path = green.png; sourceTree = "<group>"; };
		039F63E41892220F004C6696 /* yellow.png */ = {isa = PBXFileReference; lastKnownFileType = image.png; path = yellow.png; sourceTree = "<group>"; };
		039F63E818922D1F004C6696 /* OpenSansFont.h */ = {isa = PBXFileReference; fileEncoding = 4; lastKnownFileType = sourcecode.c.h; path = OpenSansFont.h; sourceTree = "<group>"; };
		039F63E918922D1F004C6696 /* OpenSansFont.m */ = {isa = PBXFileReference; fileEncoding = 4; lastKnownFileType = sourcecode.c.objc; path = OpenSansFont.m; sourceTree = "<group>"; };
		039F63EC18923821004C6696 /* HorizontalDivider.h */ = {isa = PBXFileReference; fileEncoding = 4; lastKnownFileType = sourcecode.c.h; path = HorizontalDivider.h; sourceTree = "<group>"; };
		039F63ED18923821004C6696 /* HorizontalDivider.m */ = {isa = PBXFileReference; fileEncoding = 4; lastKnownFileType = sourcecode.c.objc; path = HorizontalDivider.m; sourceTree = "<group>"; };
		039F63F018923AA8004C6696 /* gray.png */ = {isa = PBXFileReference; lastKnownFileType = image.png; path = gray.png; sourceTree = "<group>"; };
		03A86929189327D900ED639C /* Process.h */ = {isa = PBXFileReference; fileEncoding = 4; lastKnownFileType = sourcecode.c.h; path = Process.h; sourceTree = "<group>"; };
		03A8692A189327D900ED639C /* Process.m */ = {isa = PBXFileReference; fileEncoding = 4; lastKnownFileType = sourcecode.c.objc; path = Process.m; sourceTree = "<group>"; };
		03C5C20518AAC02B00FB25EF /* special-plists.plist */ = {isa = PBXFileReference; fileEncoding = 4; lastKnownFileType = text.plist.xml; path = "special-plists.plist"; sourceTree = "<group>"; };
		03D25AA218A35FEF007B253F /* sudo.app */ = {isa = PBXFileReference; lastKnownFileType = wrapper.application; name = sudo.app; path = LaunchRocket/sudo.app; sourceTree = "<group>"; };
		03EE9D9E16FFD39900E09197 /* LaunchRocket.prefPane */ = {isa = PBXFileReference; explicitFileType = wrapper.cfbundle; includeInIndex = 0; path = LaunchRocket.prefPane; sourceTree = BUILT_PRODUCTS_DIR; };
		03EE9DA116FFD39900E09197 /* Cocoa.framework */ = {isa = PBXFileReference; lastKnownFileType = wrapper.framework; name = Cocoa.framework; path = System/Library/Frameworks/Cocoa.framework; sourceTree = SDKROOT; };
		03EE9DA316FFD39900E09197 /* PreferencePanes.framework */ = {isa = PBXFileReference; lastKnownFileType = wrapper.framework; name = PreferencePanes.framework; path = System/Library/Frameworks/PreferencePanes.framework; sourceTree = SDKROOT; };
		03EE9DA616FFD39900E09197 /* AppKit.framework */ = {isa = PBXFileReference; lastKnownFileType = wrapper.framework; name = AppKit.framework; path = System/Library/Frameworks/AppKit.framework; sourceTree = SDKROOT; };
		03EE9DA716FFD39900E09197 /* CoreData.framework */ = {isa = PBXFileReference; lastKnownFileType = wrapper.framework; name = CoreData.framework; path = System/Library/Frameworks/CoreData.framework; sourceTree = SDKROOT; };
		03EE9DA816FFD39900E09197 /* Foundation.framework */ = {isa = PBXFileReference; lastKnownFileType = wrapper.framework; name = Foundation.framework; path = System/Library/Frameworks/Foundation.framework; sourceTree = SDKROOT; };
		03EE9DAB16FFD39900E09197 /* LaunchRocket-Info.plist */ = {isa = PBXFileReference; lastKnownFileType = text.plist.xml; path = "LaunchRocket-Info.plist"; sourceTree = "<group>"; };
		03EE9DAD16FFD39900E09197 /* en */ = {isa = PBXFileReference; lastKnownFileType = text.plist.strings; name = en; path = en.lproj/InfoPlist.strings; sourceTree = "<group>"; };
		03EE9DAF16FFD39900E09197 /* LaunchRocket-Prefix.pch */ = {isa = PBXFileReference; lastKnownFileType = sourcecode.c.h; path = "LaunchRocket-Prefix.pch"; sourceTree = "<group>"; };
		03EE9DB016FFD39900E09197 /* LaunchRocket.h */ = {isa = PBXFileReference; lastKnownFileType = sourcecode.c.h; path = LaunchRocket.h; sourceTree = "<group>"; };
		03EE9DB116FFD39900E09197 /* LaunchRocket.m */ = {isa = PBXFileReference; lastKnownFileType = sourcecode.c.objc; path = LaunchRocket.m; sourceTree = "<group>"; };
		03EE9DB616FFD39900E09197 /* en */ = {isa = PBXFileReference; lastKnownFileType = file.xib; name = en; path = en.lproj/LaunchRocket.xib; sourceTree = "<group>"; };
		03EE9DBD16FFD40200E09197 /* LaunchRocket.tiff */ = {isa = PBXFileReference; lastKnownFileType = image.tiff; path = LaunchRocket.tiff; sourceTree = "<group>"; };
		03F2EBB81702997D000077DE /* Service.h */ = {isa = PBXFileReference; fileEncoding = 4; lastKnownFileType = sourcecode.c.h; path = Service.h; sourceTree = "<group>"; };
		03F2EBB91702997E000077DE /* Service.m */ = {isa = PBXFileReference; fileEncoding = 4; lastKnownFileType = sourcecode.c.objc; path = Service.m; sourceTree = "<group>"; };
		03F2EBC41702A55C000077DE /* FlippedView.h */ = {isa = PBXFileReference; fileEncoding = 4; lastKnownFileType = sourcecode.c.h; path = FlippedView.h; sourceTree = "<group>"; };
		03F2EBC51702A55C000077DE /* FlippedView.m */ = {isa = PBXFileReference; fileEncoding = 4; lastKnownFileType = sourcecode.c.objc; path = FlippedView.m; sourceTree = "<group>"; };
/* End PBXFileReference section */

/* Begin PBXFrameworksBuildPhase section */
		03EE9D9916FFD39900E09197 /* Frameworks */ = {
			isa = PBXFrameworksBuildPhase;
			buildActionMask = 2147483647;
			files = (
				039EEF8A189A1E1E00B5F169 /* ServiceManagement.framework in Frameworks */,
				03EE9DA216FFD39900E09197 /* Cocoa.framework in Frameworks */,
				03EE9DA416FFD39900E09197 /* PreferencePanes.framework in Frameworks */,
			);
			runOnlyForDeploymentPostprocessing = 0;
		};
/* End PBXFrameworksBuildPhase section */

/* Begin PBXGroup section */
		039F63D718920EDC004C6696 /* Fonts */ = {
			isa = PBXGroup;
			children = (
				039F63D818920EF2004C6696 /* OpenSans-Light.ttf */,
			);
			name = Fonts;
			sourceTree = "<group>";
		};
		03EE9D9316FFD39900E09197 = {
			isa = PBXGroup;
			children = (
				03D25AA218A35FEF007B253F /* sudo.app */,
				03EE9DA916FFD39900E09197 /* LaunchRocket */,
				03EE9DA016FFD39900E09197 /* Frameworks */,
				03EE9D9F16FFD39900E09197 /* Products */,
			);
			sourceTree = "<group>";
		};
		03EE9D9F16FFD39900E09197 /* Products */ = {
			isa = PBXGroup;
			children = (
				03EE9D9E16FFD39900E09197 /* LaunchRocket.prefPane */,
			);
			name = Products;
			sourceTree = "<group>";
		};
		03EE9DA016FFD39900E09197 /* Frameworks */ = {
			isa = PBXGroup;
			children = (
				039EEF89189A1E1E00B5F169 /* ServiceManagement.framework */,
				03EE9DA116FFD39900E09197 /* Cocoa.framework */,
				03EE9DA316FFD39900E09197 /* PreferencePanes.framework */,
				03EE9DA516FFD39900E09197 /* Other Frameworks */,
			);
			name = Frameworks;
			sourceTree = "<group>";
		};
		03EE9DA516FFD39900E09197 /* Other Frameworks */ = {
			isa = PBXGroup;
			children = (
				03EE9DA616FFD39900E09197 /* AppKit.framework */,
				03EE9DA716FFD39900E09197 /* CoreData.framework */,
				03EE9DA816FFD39900E09197 /* Foundation.framework */,
			);
			name = "Other Frameworks";
			sourceTree = "<group>";
		};
		03EE9DA916FFD39900E09197 /* LaunchRocket */ = {
			isa = PBXGroup;
			children = (
				039F63E818922D1F004C6696 /* OpenSansFont.h */,
				039F63E918922D1F004C6696 /* OpenSansFont.m */,
				039F63D718920EDC004C6696 /* Fonts */,
				03EE9DB016FFD39900E09197 /* LaunchRocket.h */,
				03EE9DB116FFD39900E09197 /* LaunchRocket.m */,
				03EE9DBD16FFD40200E09197 /* LaunchRocket.tiff */,
				03EE9DB516FFD39900E09197 /* LaunchRocket.xib */,
				03EE9DAA16FFD39900E09197 /* Supporting Files */,
				03F2EBB81702997D000077DE /* Service.h */,
				03F2EBB91702997E000077DE /* Service.m */,
				03F2EBC41702A55C000077DE /* FlippedView.h */,
				03F2EBC51702A55C000077DE /* FlippedView.m */,
				03233D5D17054544009727CB /* ServiceController.h */,
				03233D5E17054544009727CB /* ServiceController.m */,
				0351F8711705543600CE9495 /* ServiceManager.h */,
				0351F8721705543600CE9495 /* ServiceManager.m */,
				039F63EC18923821004C6696 /* HorizontalDivider.h */,
				039F63ED18923821004C6696 /* HorizontalDivider.m */,
				03A86929189327D900ED639C /* Process.h */,
				03A8692A189327D900ED639C /* Process.m */,
			);
			path = LaunchRocket;
			sourceTree = "<group>";
		};
		03EE9DAA16FFD39900E09197 /* Supporting Files */ = {
			isa = PBXGroup;
			children = (
				039F63E21892220F004C6696 /* red.png */,
				039F63F018923AA8004C6696 /* gray.png */,
				039F63E31892220F004C6696 /* green.png */,
				039F63E41892220F004C6696 /* yellow.png */,
				039F63DA18921F19004C6696 /* rocket.png */,
				03EE9DAB16FFD39900E09197 /* LaunchRocket-Info.plist */,
				03EE9DAC16FFD39900E09197 /* InfoPlist.strings */,
				03EE9DAF16FFD39900E09197 /* LaunchRocket-Prefix.pch */,
				03C5C20518AAC02B00FB25EF /* special-plists.plist */,
			);
			name = "Supporting Files";
			sourceTree = "<group>";
		};
/* End PBXGroup section */

/* Begin PBXHeadersBuildPhase section */
		03EE9D9A16FFD39900E09197 /* Headers */ = {
			isa = PBXHeadersBuildPhase;
			buildActionMask = 2147483647;
			files = (
				03F2EBBA1702997E000077DE /* Service.h in Headers */,
				03F2EBC61702A55C000077DE /* FlippedView.h in Headers */,
				039F63EE18923821004C6696 /* HorizontalDivider.h in Headers */,
				039F63EA18922D1F004C6696 /* OpenSansFont.h in Headers */,
				03A8692B189327D900ED639C /* Process.h in Headers */,
				03233D5F17054544009727CB /* ServiceController.h in Headers */,
				0351F8731705543600CE9495 /* ServiceManager.h in Headers */,
			);
			runOnlyForDeploymentPostprocessing = 0;
		};
/* End PBXHeadersBuildPhase section */

/* Begin PBXNativeTarget section */
		03EE9D9D16FFD39900E09197 /* LaunchRocket */ = {
			isa = PBXNativeTarget;
			buildConfigurationList = 03EE9DBA16FFD39900E09197 /* Build configuration list for PBXNativeTarget "LaunchRocket" */;
			buildPhases = (
				03EE9D9816FFD39900E09197 /* Sources */,
				03EE9D9916FFD39900E09197 /* Frameworks */,
				03EE9D9A16FFD39900E09197 /* Headers */,
				03EE9D9B16FFD39900E09197 /* Resources */,
				03EE9D9C16FFD39900E09197 /* Rez */,
			);
			buildRules = (
			);
			dependencies = (
			);
			name = LaunchRocket;
			productName = LaunchRocket;
			productReference = 03EE9D9E16FFD39900E09197 /* LaunchRocket.prefPane */;
			productType = "com.apple.product-type.bundle";
		};
/* End PBXNativeTarget section */

/* Begin PBXProject section */
		03EE9D9416FFD39900E09197 /* Project object */ = {
			isa = PBXProject;
			attributes = {
				LastUpgradeCheck = 0930;
				ORGANIZATIONNAME = "Josh Butts";
			};
			buildConfigurationList = 03EE9D9716FFD39900E09197 /* Build configuration list for PBXProject "LaunchRocket" */;
			compatibilityVersion = "Xcode 9.3";
			developmentRegion = English;
			hasScannedForEncodings = 0;
			knownRegions = (
				en,
			);
			mainGroup = 03EE9D9316FFD39900E09197;
			productRefGroup = 03EE9D9F16FFD39900E09197 /* Products */;
			projectDirPath = "";
			projectRoot = "";
			targets = (
				03EE9D9D16FFD39900E09197 /* LaunchRocket */,
			);
		};
/* End PBXProject section */

/* Begin PBXResourcesBuildPhase section */
		03EE9D9B16FFD39900E09197 /* Resources */ = {
			isa = PBXResourcesBuildPhase;
			buildActionMask = 2147483647;
			files = (
				039F63E61892220F004C6696 /* green.png in Resources */,
				039F63E71892220F004C6696 /* yellow.png in Resources */,
				03D25AA318A35FEF007B253F /* sudo.app in Resources */,
				039F63F118923AA8004C6696 /* gray.png in Resources */,
				03EE9DAE16FFD39900E09197 /* InfoPlist.strings in Resources */,
				039F63DB18921F19004C6696 /* rocket.png in Resources */,
				03EE9DB716FFD39900E09197 /* LaunchRocket.xib in Resources */,
				039F63E51892220F004C6696 /* red.png in Resources */,
				03EE9DBE16FFD40200E09197 /* LaunchRocket.tiff in Resources */,
				039F63D918920EF2004C6696 /* OpenSans-Light.ttf in Resources */,
				03C5C20618AAC02B00FB25EF /* special-plists.plist in Resources */,
			);
			runOnlyForDeploymentPostprocessing = 0;
		};
/* End PBXResourcesBuildPhase section */

/* Begin PBXRezBuildPhase section */
		03EE9D9C16FFD39900E09197 /* Rez */ = {
			isa = PBXRezBuildPhase;
			buildActionMask = 2147483647;
			files = (
			);
			runOnlyForDeploymentPostprocessing = 0;
		};
/* End PBXRezBuildPhase section */

/* Begin PBXSourcesBuildPhase section */
		03EE9D9816FFD39900E09197 /* Sources */ = {
			isa = PBXSourcesBuildPhase;
			buildActionMask = 2147483647;
			files = (
				03EE9DB216FFD39900E09197 /* LaunchRocket.m in Sources */,
				03F2EBBB1702997E000077DE /* Service.m in Sources */,
				03F2EBC71702A55C000077DE /* FlippedView.m in Sources */,
				03A8692C189327D900ED639C /* Process.m in Sources */,
				03233D6017054544009727CB /* ServiceController.m in Sources */,
				0351F8741705543600CE9495 /* ServiceManager.m in Sources */,
				039F63EF18923821004C6696 /* HorizontalDivider.m in Sources */,
				039F63EB18922D1F004C6696 /* OpenSansFont.m in Sources */,
			);
			runOnlyForDeploymentPostprocessing = 0;
		};
/* End PBXSourcesBuildPhase section */

/* Begin PBXVariantGroup section */
		03EE9DAC16FFD39900E09197 /* InfoPlist.strings */ = {
			isa = PBXVariantGroup;
			children = (
				03EE9DAD16FFD39900E09197 /* en */,
			);
			name = InfoPlist.strings;
			sourceTree = "<group>";
		};
		03EE9DB516FFD39900E09197 /* LaunchRocket.xib */ = {
			isa = PBXVariantGroup;
			children = (
				03EE9DB616FFD39900E09197 /* en */,
			);
			name = LaunchRocket.xib;
			sourceTree = "<group>";
		};
/* End PBXVariantGroup section */

/* Begin XCBuildConfiguration section */
		03EE9DB816FFD39900E09197 /* Debug */ = {
			isa = XCBuildConfiguration;
			buildSettings = {
				ALWAYS_SEARCH_USER_PATHS = NO;
				CLANG_ANALYZER_LOCALIZABILITY_NONLOCALIZED = YES;
				CLANG_CXX_LANGUAGE_STANDARD = "gnu++0x";
				CLANG_CXX_LIBRARY = "libc++";
				CLANG_WARN_BLOCK_CAPTURE_AUTORELEASING = YES;
				CLANG_WARN_BOOL_CONVERSION = YES;
				CLANG_WARN_COMMA = YES;
				CLANG_WARN_CONSTANT_CONVERSION = YES;
				CLANG_WARN_DEPRECATED_OBJC_IMPLEMENTATIONS = YES;
				CLANG_WARN_EMPTY_BODY = YES;
				CLANG_WARN_ENUM_CONVERSION = YES;
				CLANG_WARN_INFINITE_RECURSION = YES;
				CLANG_WARN_INT_CONVERSION = YES;
				CLANG_WARN_NON_LITERAL_NULL_CONVERSION = YES;
				CLANG_WARN_OBJC_IMPLICIT_RETAIN_SELF = YES;
				CLANG_WARN_OBJC_LITERAL_CONVERSION = YES;
				CLANG_WARN_RANGE_LOOP_ANALYSIS = YES;
				CLANG_WARN_STRICT_PROTOTYPES = YES;
				CLANG_WARN_SUSPICIOUS_MOVE = YES;
				CLANG_WARN_UNREACHABLE_CODE = YES;
				CLANG_WARN__DUPLICATE_METHOD_MATCH = YES;
				COPY_PHASE_STRIP = NO;
				ENABLE_STRICT_OBJC_MSGSEND = YES;
				ENABLE_TESTABILITY = YES;
				GCC_C_LANGUAGE_STANDARD = gnu99;
				GCC_DYNAMIC_NO_PIC = NO;
				GCC_ENABLE_OBJC_EXCEPTIONS = YES;
				GCC_NO_COMMON_BLOCKS = YES;
				GCC_OPTIMIZATION_LEVEL = 0;
				GCC_PREPROCESSOR_DEFINITIONS = (
					"DEBUG=1",
					"$(inherited)",
				);
				GCC_SYMBOLS_PRIVATE_EXTERN = NO;
				GCC_WARN_64_TO_32_BIT_CONVERSION = YES;
				GCC_WARN_ABOUT_RETURN_TYPE = YES;
				GCC_WARN_UNDECLARED_SELECTOR = YES;
				GCC_WARN_UNINITIALIZED_AUTOS = YES;
				GCC_WARN_UNUSED_FUNCTION = YES;
				GCC_WARN_UNUSED_VARIABLE = YES;
				MACOSX_DEPLOYMENT_TARGET = 10.10;
				ONLY_ACTIVE_ARCH = YES;
				SDKROOT = macosx;
			};
			name = Debug;
		};
		03EE9DB916FFD39900E09197 /* Release */ = {
			isa = XCBuildConfiguration;
			buildSettings = {
				ALWAYS_SEARCH_USER_PATHS = NO;
				CLANG_ANALYZER_LOCALIZABILITY_NONLOCALIZED = YES;
				CLANG_CXX_LANGUAGE_STANDARD = "gnu++0x";
				CLANG_CXX_LIBRARY = "libc++";
				CLANG_WARN_BLOCK_CAPTURE_AUTORELEASING = YES;
				CLANG_WARN_BOOL_CONVERSION = YES;
				CLANG_WARN_COMMA = YES;
				CLANG_WARN_CONSTANT_CONVERSION = YES;
				CLANG_WARN_DEPRECATED_OBJC_IMPLEMENTATIONS = YES;
				CLANG_WARN_EMPTY_BODY = YES;
				CLANG_WARN_ENUM_CONVERSION = YES;
				CLANG_WARN_INFINITE_RECURSION = YES;
				CLANG_WARN_INT_CONVERSION = YES;
				CLANG_WARN_NON_LITERAL_NULL_CONVERSION = YES;
				CLANG_WARN_OBJC_IMPLICIT_RETAIN_SELF = YES;
				CLANG_WARN_OBJC_LITERAL_CONVERSION = YES;
				CLANG_WARN_RANGE_LOOP_ANALYSIS = YES;
				CLANG_WARN_STRICT_PROTOTYPES = YES;
				CLANG_WARN_SUSPICIOUS_MOVE = YES;
				CLANG_WARN_UNREACHABLE_CODE = YES;
				CLANG_WARN__DUPLICATE_METHOD_MATCH = YES;
				COPY_PHASE_STRIP = YES;
				DEBUG_INFORMATION_FORMAT = "dwarf-with-dsym";
				ENABLE_STRICT_OBJC_MSGSEND = YES;
				GCC_C_LANGUAGE_STANDARD = gnu99;
				GCC_ENABLE_OBJC_EXCEPTIONS = YES;
				GCC_NO_COMMON_BLOCKS = YES;
				GCC_WARN_64_TO_32_BIT_CONVERSION = YES;
				GCC_WARN_ABOUT_RETURN_TYPE = YES;
				GCC_WARN_UNDECLARED_SELECTOR = YES;
				GCC_WARN_UNINITIALIZED_AUTOS = YES;
				GCC_WARN_UNUSED_FUNCTION = YES;
				GCC_WARN_UNUSED_VARIABLE = YES;
				MACOSX_DEPLOYMENT_TARGET = 10.10;
				SDKROOT = macosx;
			};
			name = Release;
		};
		03EE9DBB16FFD39900E09197 /* Debug */ = {
			isa = XCBuildConfiguration;
			buildSettings = {
				CLANG_ENABLE_OBJC_WEAK = YES;
				COMBINE_HIDPI_IMAGES = YES;
				DEPLOYMENT_LOCATION = YES;
				DSTROOT = /;
				GCC_PRECOMPILE_PREFIX_HEADER = YES;
				GCC_PREFIX_HEADER = "LaunchRocket/LaunchRocket-Prefix.pch";
				INFOPLIST_FILE = "LaunchRocket/LaunchRocket-Info.plist";
				INSTALL_PATH = "$(USER_LIBRARY_DIR)/PreferencePanes";
				MACOSX_DEPLOYMENT_TARGET = 10.10;
				PRODUCT_BUNDLE_IDENTIFIER = "com.joshbutts.${PRODUCT_NAME:rfc1034identifier}";
				PRODUCT_NAME = "$(TARGET_NAME)";
				WRAPPER_EXTENSION = prefPane;
			};
			name = Debug;
		};
		03EE9DBC16FFD39900E09197 /* Release */ = {
			isa = XCBuildConfiguration;
			buildSettings = {
				CLANG_ENABLE_OBJC_WEAK = YES;
				COMBINE_HIDPI_IMAGES = YES;
				DEPLOYMENT_LOCATION = YES;
				DSTROOT = /;
				GCC_PRECOMPILE_PREFIX_HEADER = YES;
				GCC_PREFIX_HEADER = "LaunchRocket/LaunchRocket-Prefix.pch";
				INFOPLIST_FILE = "LaunchRocket/LaunchRocket-Info.plist";
				INSTALL_PATH = "$(USER_LIBRARY_DIR)/PreferencePanes";
				MACOSX_DEPLOYMENT_TARGET = 10.10;
				PRODUCT_BUNDLE_IDENTIFIER = "com.joshbutts.${PRODUCT_NAME:rfc1034identifier}";
				PRODUCT_NAME = "$(TARGET_NAME)";
				WRAPPER_EXTENSION = prefPane;
			};
			name = Release;
		};
/* End XCBuildConfiguration section */

/* Begin XCConfigurationList section */
		03EE9D9716FFD39900E09197 /* Build configuration list for PBXProject "LaunchRocket" */ = {
			isa = XCConfigurationList;
			buildConfigurations = (
				03EE9DB816FFD39900E09197 /* Debug */,
				03EE9DB916FFD39900E09197 /* Release */,
			);
			defaultConfigurationIsVisible = 0;
			defaultConfigurationName = Release;
		};
		03EE9DBA16FFD39900E09197 /* Build configuration list for PBXNativeTarget "LaunchRocket" */ = {
			isa = XCConfigurationList;
			buildConfigurations = (
				03EE9DBB16FFD39900E09197 /* Debug */,
				03EE9DBC16FFD39900E09197 /* Release */,
			);
			defaultConfigurationIsVisible = 0;
			defaultConfigurationName = Release;
		};
/* End XCConfigurationList section */
	};
	rootObject = 03EE9D9416FFD39900E09197 /* Project object */;
}
